
Microsoft Visual Studio Solution File, Format Version 12.00
# Visual Studio 15
VisualStudioVersion = 15.0.28307.705
MinimumVisualStudioVersion = 10.0.40219.1
Project("{FAE04EC0-301F-11D3-BF4B-00C04F79EFBC}") = "HomeTesting", "HomeTesting\HomeTesting.csproj", "{48BE4E5A-F105-4545-B087-403EAC0220B9}"
EndProject
Global
	GlobalSection(SolutionConfigurationPlatforms) = preSolution
		Debug|Any CPU = Debug|Any CPU
		Release|Any CPU = Release|Any CPU
	EndGlobalSection
	GlobalSection(ProjectConfigurationPlatforms) = postSolution
		{48BE4E5A-F105-4545-B087-403EAC0220B9}.Debug|Any CPU.ActiveCfg = Debug|Any CPU
		{48BE4E5A-F105-4545-B087-403EAC0220B9}.Debug|Any CPU.Build.0 = Debug|Any CPU
		{48BE4E5A-F105-4545-B087-403EAC0220B9}.Release|Any CPU.ActiveCfg = Release|Any CPU
		{48BE4E5A-F105-4545-B087-403EAC0220B9}.Release|Any CPU.Build.0 = Release|Any CPU
	EndGlobalSection
	GlobalSection(SolutionProperties) = preSolution
		HideSolutionNode = FALSE
	EndGlobalSection
	GlobalSection(ExtensibilityGlobals) = postSolution
		SolutionGuid = {FBB2C9D5-5342-44FC-A0BC-B67031DEC0AB}
	EndGlobalSection
	GlobalSection(TeamFoundationVersionControl) = preSolution
		SccNumberOfProjects = 2
		SccEnterpriseProvider = {4CA58AB2-18FA-4F8D-95D4-32DDF27D184C}
		SccTeamFoundationServer = http://jpdevtfs1:8080/tfs/defaultcollection
		SccLocalPath0 = .
		SccProjectUniqueName1 = HomeTesting\\HomeTesting.csproj
		SccProjectName1 = HomeTesting
		SccLocalPath1 = HomeTesting
	EndGlobalSection
EndGlobal
